
Microsoft Visual Studio Solution File, Format Version 12.00
# Visual Studio Version 16
VisualStudioVersion = 16.0.30804.86
MinimumVisualStudioVersion = 10.0.40219.1
Project("{F184B08F-C81C-45F6-A57F-5ABD9991F28F}") = "Library Management System", "Library Management System\Library Management System.vbproj", "{E9840D2F-2366-441B-A31D-A0D6FA1E0CFA}"
EndProject
Global
	GlobalSection(SolutionConfigurationPlatforms) = preSolution
		Debug|Any CPU = Debug|Any CPU
		Release|Any CPU = Release|Any CPU
	EndGlobalSection
	GlobalSection(ProjectConfigurationPlatforms) = postSolution
		{E9840D2F-2366-441B-A31D-A0D6FA1E0CFA}.Debug|Any CPU.ActiveCfg = Debug|Any CPU
		{E9840D2F-2366-441B-A31D-A0D6FA1E0CFA}.Debug|Any CPU.Build.0 = Debug|Any CPU
		{E9840D2F-2366-441B-A31D-A0D6FA1E0CFA}.Release|Any CPU.ActiveCfg = Release|Any CPU
		{E9840D2F-2366-441B-A31D-A0D6FA1E0CFA}.Release|Any CPU.Build.0 = Release|Any CPU
	EndGlobalSection
	GlobalSection(SolutionProperties) = preSolution
		HideSolutionNode = FALSE
	EndGlobalSection
	GlobalSection(ExtensibilityGlobals) = postSolution
		SolutionGuid = {0AB42350-A072-40D2-89D1-2B0EA8E103C7}
	EndGlobalSection
EndGlobal
